
Microsoft Visual Studio Solution File, Format Version 12.00
# Visual Studio 15
Project("{FAE04EC0-301F-11D3-BF4B-00C04F79EFBC}") = "GameGallery", "GameGallery\GameGallery.csproj", "{C6D0AE04-21B4-489C-B80F-1219B2C87251}"
EndProject
Global
	GlobalSection(SolutionConfigurationPlatforms) = preSolution
		Debug|Any CPU = Debug|Any CPU
		Release|Any CPU = Release|Any CPU
	EndGlobalSection
	GlobalSection(ProjectConfigurationPlatforms) = postSolution
		{C6D0AE04-21B4-489C-B80F-1219B2C87251}.Debug|Any CPU.ActiveCfg = Debug|Any CPU
		{C6D0AE04-21B4-489C-B80F-1219B2C87251}.Debug|Any CPU.Build.0 = Debug|Any CPU
		{C6D0AE04-21B4-489C-B80F-1219B2C87251}.Release|Any CPU.ActiveCfg = Release|Any CPU
		{C6D0AE04-21B4-489C-B80F-1219B2C87251}.Release|Any CPU.Build.0 = Release|Any CPU
	EndGlobalSection
EndGlobal
